
Microsoft Visual Studio Solution File, Format Version 12.00
# Visual Studio 15
VisualStudioVersion = 15.0.26730.16
MinimumVisualStudioVersion = 10.0.40219.1
Project("{2150E333-8FDC-42A3-9474-1A3956D46DE8}") = "SearchPatterns", "SearchPatterns", "{FD9E32E1-93A0-4BCE-BCB7-88BA8CD1C9CF}"
EndProject
Project("{2150E333-8FDC-42A3-9474-1A3956D46DE8}") = "CS", "CS", "{2C5251AD-897C-4D1F-9F07-2F190AD7D2F8}"
EndProject
Project("{2150E333-8FDC-42A3-9474-1A3956D46DE8}") = "CPP", "CPP", "{126F9880-FEF1-4D1C-988F-588BD2C140B4}"
EndProject
Project("{8BC9CEB8-8B4A-11D0-8D11-00A0C91BC942}") = "Permutation", "SearchPatterns\CPP\Permutation\Permutation.vcxproj", "{09C2B881-FF29-4C0C-9904-8F69D6198577}"
EndProject
Project("{FAE04EC0-301F-11D3-BF4B-00C04F79EFBC}") = "Permutations", "SearchPatterns\CS\Permutations\Permutations.csproj", "{8502688C-1220-4178-B8FD-9EB1806F542F}"
EndProject
Project("{2150E333-8FDC-42A3-9474-1A3956D46DE8}") = "SearchPatterns.Tests", "SearchPatterns.Tests", "{940F8E63-0551-412E-84E2-6443A567792D}"
EndProject
Project("{2150E333-8FDC-42A3-9474-1A3956D46DE8}") = "CPP", "CPP", "{2B48497F-E642-432E-BDA2-17AFD0ED8C94}"
EndProject
Project("{2150E333-8FDC-42A3-9474-1A3956D46DE8}") = "CS", "CS", "{8878F2F6-4DB3-4690-9DA1-B237D4FF9099}"
EndProject
Project("{FAE04EC0-301F-11D3-BF4B-00C04F79EFBC}") = "SearchPatterns.Test", "SearchPatterns.Tests\CS\SearchPatterns.Test\SearchPatterns.Test.csproj", "{03CBBABC-2A92-447F-948B-4EBBA443A20E}"
EndProject
Project("{8BC9CEB8-8B4A-11D0-8D11-00A0C91BC942}") = "SearchPatterns.Test", "SearchPatterns.Tests\CPP\SearchPatterns.Test\SearchPatterns.Test.vcxproj", "{62877CAB-0FC8-4685-9408-186C3378AFE4}"
EndProject
Project("{8BC9CEB8-8B4A-11D0-8D11-00A0C91BC942}") = "Lib", "SearchPatterns\CPP\Lib\Lib.vcxproj", "{D1771419-BC9C-4EB0-A51F-4AEF2B59D0BB}"
EndProject
Global
	GlobalSection(SolutionConfigurationPlatforms) = preSolution
		Debug|Any CPU = Debug|Any CPU
		Debug|x64 = Debug|x64
		Debug|x86 = Debug|x86
		Release|Any CPU = Release|Any CPU
		Release|x64 = Release|x64
		Release|x86 = Release|x86
	EndGlobalSection
	GlobalSection(ProjectConfigurationPlatforms) = postSolution
		{09C2B881-FF29-4C0C-9904-8F69D6198577}.Debug|Any CPU.ActiveCfg = Debug|Win32
		{09C2B881-FF29-4C0C-9904-8F69D6198577}.Debug|x64.ActiveCfg = Debug|x64
		{09C2B881-FF29-4C0C-9904-8F69D6198577}.Debug|x64.Build.0 = Debug|x64
		{09C2B881-FF29-4C0C-9904-8F69D6198577}.Debug|x86.ActiveCfg = Debug|Win32
		{09C2B881-FF29-4C0C-9904-8F69D6198577}.Debug|x86.Build.0 = Debug|Win32
		{09C2B881-FF29-4C0C-9904-8F69D6198577}.Release|Any CPU.ActiveCfg = Release|Win32
		{09C2B881-FF29-4C0C-9904-8F69D6198577}.Release|x64.ActiveCfg = Release|x64
		{09C2B881-FF29-4C0C-9904-8F69D6198577}.Release|x64.Build.0 = Release|x64
		{09C2B881-FF29-4C0C-9904-8F69D6198577}.Release|x86.ActiveCfg = Release|Win32
		{09C2B881-FF29-4C0C-9904-8F69D6198577}.Release|x86.Build.0 = Release|Win32
		{8502688C-1220-4178-B8FD-9EB1806F542F}.Debug|Any CPU.ActiveCfg = Debug|Any CPU
		{8502688C-1220-4178-B8FD-9EB1806F542F}.Debug|Any CPU.Build.0 = Debug|Any CPU
		{8502688C-1220-4178-B8FD-9EB1806F542F}.Debug|x64.ActiveCfg = Debug|Any CPU
		{8502688C-1220-4178-B8FD-9EB1806F542F}.Debug|x64.Build.0 = Debug|Any CPU
		{8502688C-1220-4178-B8FD-9EB1806F542F}.Debug|x86.ActiveCfg = Debug|Any CPU
		{8502688C-1220-4178-B8FD-9EB1806F542F}.Debug|x86.Build.0 = Debug|Any CPU
		{8502688C-1220-4178-B8FD-9EB1806F542F}.Release|Any CPU.ActiveCfg = Release|Any CPU
		{8502688C-1220-4178-B8FD-9EB1806F542F}.Release|Any CPU.Build.0 = Release|Any CPU
		{8502688C-1220-4178-B8FD-9EB1806F542F}.Release|x64.ActiveCfg = Release|Any CPU
		{8502688C-1220-4178-B8FD-9EB1806F542F}.Release|x64.Build.0 = Release|Any CPU
		{8502688C-1220-4178-B8FD-9EB1806F542F}.Release|x86.ActiveCfg = Release|Any CPU
		{8502688C-1220-4178-B8FD-9EB1806F542F}.Release|x86.Build.0 = Release|Any CPU
		{03CBBABC-2A92-447F-948B-4EBBA443A20E}.Debug|Any CPU.ActiveCfg = Debug|Any CPU
		{03CBBABC-2A92-447F-948B-4EBBA443A20E}.Debug|Any CPU.Build.0 = Debug|Any CPU
		{03CBBABC-2A92-447F-948B-4EBBA443A20E}.Debug|x64.ActiveCfg = Debug|Any CPU
		{03CBBABC-2A92-447F-948B-4EBBA443A20E}.Debug|x64.Build.0 = Debug|Any CPU
		{03CBBABC-2A92-447F-948B-4EBBA443A20E}.Debug|x86.ActiveCfg = Debug|Any CPU
		{03CBBABC-2A92-447F-948B-4EBBA443A20E}.Debug|x86.Build.0 = Debug|Any CPU
		{03CBBABC-2A92-447F-948B-4EBBA443A20E}.Release|Any CPU.ActiveCfg = Release|Any CPU
		{03CBBABC-2A92-447F-948B-4EBBA443A20E}.Release|Any CPU.Build.0 = Release|Any CPU
		{03CBBABC-2A92-447F-948B-4EBBA443A20E}.Release|x64.ActiveCfg = Release|Any CPU
		{03CBBABC-2A92-447F-948B-4EBBA443A20E}.Release|x64.Build.0 = Release|Any CPU
		{03CBBABC-2A92-447F-948B-4EBBA443A20E}.Release|x86.ActiveCfg = Release|Any CPU
		{03CBBABC-2A92-447F-948B-4EBBA443A20E}.Release|x86.Build.0 = Release|Any CPU
		{62877CAB-0FC8-4685-9408-186C3378AFE4}.Debug|Any CPU.ActiveCfg = Debug|Win32
		{62877CAB-0FC8-4685-9408-186C3378AFE4}.Debug|x64.ActiveCfg = Debug|x64
		{62877CAB-0FC8-4685-9408-186C3378AFE4}.Debug|x64.Build.0 = Debug|x64
		{62877CAB-0FC8-4685-9408-186C3378AFE4}.Debug|x86.ActiveCfg = Debug|Win32
		{62877CAB-0FC8-4685-9408-186C3378AFE4}.Debug|x86.Build.0 = Debug|Win32
		{62877CAB-0FC8-4685-9408-186C3378AFE4}.Release|Any CPU.ActiveCfg = Release|Win32
		{62877CAB-0FC8-4685-9408-186C3378AFE4}.Release|x64.ActiveCfg = Release|x64
		{62877CAB-0FC8-4685-9408-186C3378AFE4}.Release|x64.Build.0 = Release|x64
		{62877CAB-0FC8-4685-9408-186C3378AFE4}.Release|x86.ActiveCfg = Release|Win32
		{62877CAB-0FC8-4685-9408-186C3378AFE4}.Release|x86.Build.0 = Release|Win32
		{D1771419-BC9C-4EB0-A51F-4AEF2B59D0BB}.Debug|Any CPU.ActiveCfg = Debug|Win32
		{D1771419-BC9C-4EB0-A51F-4AEF2B59D0BB}.Debug|x64.ActiveCfg = Debug|x64
		{D1771419-BC9C-4EB0-A51F-4AEF2B59D0BB}.Debug|x64.Build.0 = Debug|x64
		{D1771419-BC9C-4EB0-A51F-4AEF2B59D0BB}.Debug|x86.ActiveCfg = Debug|Win32
		{D1771419-BC9C-4EB0-A51F-4AEF2B59D0BB}.Debug|x86.Build.0 = Debug|Win32
		{D1771419-BC9C-4EB0-A51F-4AEF2B59D0BB}.Release|Any CPU.ActiveCfg = Release|Win32
		{D1771419-BC9C-4EB0-A51F-4AEF2B59D0BB}.Release|x64.ActiveCfg = Release|x64
		{D1771419-BC9C-4EB0-A51F-4AEF2B59D0BB}.Release|x64.Build.0 = Release|x64
		{D1771419-BC9C-4EB0-A51F-4AEF2B59D0BB}.Release|x86.ActiveCfg = Release|Win32
		{D1771419-BC9C-4EB0-A51F-4AEF2B59D0BB}.Release|x86.Build.0 = Release|Win32
	EndGlobalSection
	GlobalSection(SolutionProperties) = preSolution
		HideSolutionNode = FALSE
	EndGlobalSection
	GlobalSection(NestedProjects) = preSolution
		{2C5251AD-897C-4D1F-9F07-2F190AD7D2F8} = {FD9E32E1-93A0-4BCE-BCB7-88BA8CD1C9CF}
		{126F9880-FEF1-4D1C-988F-588BD2C140B4} = {FD9E32E1-93A0-4BCE-BCB7-88BA8CD1C9CF}
		{09C2B881-FF29-4C0C-9904-8F69D6198577} = {126F9880-FEF1-4D1C-988F-588BD2C140B4}
		{8502688C-1220-4178-B8FD-9EB1806F542F} = {2C5251AD-897C-4D1F-9F07-2F190AD7D2F8}
		{2B48497F-E642-432E-BDA2-17AFD0ED8C94} = {940F8E63-0551-412E-84E2-6443A567792D}
		{8878F2F6-4DB3-4690-9DA1-B237D4FF9099} = {940F8E63-0551-412E-84E2-6443A567792D}
		{03CBBABC-2A92-447F-948B-4EBBA443A20E} = {8878F2F6-4DB3-4690-9DA1-B237D4FF9099}
		{62877CAB-0FC8-4685-9408-186C3378AFE4} = {2B48497F-E642-432E-BDA2-17AFD0ED8C94}
		{D1771419-BC9C-4EB0-A51F-4AEF2B59D0BB} = {126F9880-FEF1-4D1C-988F-588BD2C140B4}
	EndGlobalSection
	GlobalSection(ExtensibilityGlobals) = postSolution
		SolutionGuid = {CA27FA59-9304-4A83-8DAE-85ED5FFF15D1}
	EndGlobalSection
EndGlobal
